// !$*UTF8*$!
{
	archiveVersion = 1;
	classes = {
	};
	objectVersion = 55;
	objects = {

/* Begin PBXBuildFile section */
		BE9BC84C27B6AF7300BCFF43 /* WordsFiveLetterList.swift in Sources */ = {isa = PBXBuildFile; fileRef = BE9BC84B27B6AF7300BCFF43 /* WordsFiveLetterList.swift */; };
		BE9BC84F27B6B63700BCFF43 /* GameState.swift in Sources */ = {isa = PBXBuildFile; fileRef = BE9BC84E27B6B63700BCFF43 /* GameState.swift */; };
		BE9BC85127B6B63D00BCFF43 /* GameAction.swift in Sources */ = {isa = PBXBuildFile; fileRef = BE9BC85027B6B63D00BCFF43 /* GameAction.swift */; };
		BE9BC85327B6B64E00BCFF43 /* GameEnvironment.swift in Sources */ = {isa = PBXBuildFile; fileRef = BE9BC85227B6B64E00BCFF43 /* GameEnvironment.swift */; };
		BE9BC85827B6B95C00BCFF43 /* HomeState.swift in Sources */ = {isa = PBXBuildFile; fileRef = BE9BC85727B6B95C00BCFF43 /* HomeState.swift */; };
		BE9BC85A27B6B97100BCFF43 /* HomeEnvironment.swift in Sources */ = {isa = PBXBuildFile; fileRef = BE9BC85927B6B97100BCFF43 /* HomeEnvironment.swift */; };
		BE9BC85C27B6B98300BCFF43 /* HomeReducer.swift in Sources */ = {isa = PBXBuildFile; fileRef = BE9BC85B27B6B98300BCFF43 /* HomeReducer.swift */; };
		BE9BC85E27B6B99300BCFF43 /* HomeAction.swift in Sources */ = {isa = PBXBuildFile; fileRef = BE9BC85D27B6B99300BCFF43 /* HomeAction.swift */; };
		BE9BC86127B6C7C500BCFF43 /* BoxPosition.swift in Sources */ = {isa = PBXBuildFile; fileRef = BE9BC86027B6C7C500BCFF43 /* BoxPosition.swift */; };
		BE9BC86327B6D02700BCFF43 /* GameReducer.swift in Sources */ = {isa = PBXBuildFile; fileRef = BE9BC86227B6D02700BCFF43 /* GameReducer.swift */; };
		BE9BC86727B80CB800BCFF43 /* BackgroundView.swift in Sources */ = {isa = PBXBuildFile; fileRef = BE9BC86627B80CB800BCFF43 /* BackgroundView.swift */; };
		BE9BC86927B812F100BCFF43 /* ToastView.swift in Sources */ = {isa = PBXBuildFile; fileRef = BE9BC86827B812F100BCFF43 /* ToastView.swift */; };
		BE9BC86C27B81C4D00BCFF43 /* ButtonView.swift in Sources */ = {isa = PBXBuildFile; fileRef = BE9BC86B27B81C4D00BCFF43 /* ButtonView.swift */; };
		BE9BC86E27B81F7000BCFF43 /* ButtonNavigationView.swift in Sources */ = {isa = PBXBuildFile; fileRef = BE9BC86D27B81F7000BCFF43 /* ButtonNavigationView.swift */; };
		BE9BC87227B820ED00BCFF43 /* ButtonImage.swift in Sources */ = {isa = PBXBuildFile; fileRef = BE9BC87127B820ED00BCFF43 /* ButtonImage.swift */; };
		BE9BC87427B820FE00BCFF43 /* ScaleButtonStyle.swift in Sources */ = {isa = PBXBuildFile; fileRef = BE9BC87327B820FE00BCFF43 /* ScaleButtonStyle.swift */; };
		BE9BC87727B821FA00BCFF43 /* GameListView.swift in Sources */ = {isa = PBXBuildFile; fileRef = BE9BC87627B821FA00BCFF43 /* GameListView.swift */; };
		BE9BC87A27B8279F00BCFF43 /* KeyboardKeyView.swift in Sources */ = {isa = PBXBuildFile; fileRef = BE9BC87927B8279F00BCFF43 /* KeyboardKeyView.swift */; };
		BE9BC87C27B82BCB00BCFF43 /* levels.json in Resources */ = {isa = PBXBuildFile; fileRef = BE9BC87B27B82BCB00BCFF43 /* levels.json */; };
		BE9BC88027B82E3000BCFF43 /* Color+.swift in Sources */ = {isa = PBXBuildFile; fileRef = BE9BC87F27B82E3000BCFF43 /* Color+.swift */; };
		BE9BC88227B8316E00BCFF43 /* ModalView.swift in Sources */ = {isa = PBXBuildFile; fileRef = BE9BC88127B8316E00BCFF43 /* ModalView.swift */; };
		BE9BC88427B842DD00BCFF43 /* LocalFileManager.swift in Sources */ = {isa = PBXBuildFile; fileRef = BE9BC88327B842DD00BCFF43 /* LocalFileManager.swift */; };
		BE9BC88627B8433E00BCFF43 /* Level.swift in Sources */ = {isa = PBXBuildFile; fileRef = BE9BC88527B8433E00BCFF43 /* Level.swift */; };
		BE9BC88A27B9365D00BCFF43 /* HomeFactory.swift in Sources */ = {isa = PBXBuildFile; fileRef = BE9BC88927B9365D00BCFF43 /* HomeFactory.swift */; };
		BE9BC88F27B944FC00BCFF43 /* GetLevels.swift in Sources */ = {isa = PBXBuildFile; fileRef = BE9BC88E27B944FC00BCFF43 /* GetLevels.swift */; };
		BE9BC89127B9453600BCFF43 /* CoreDataStore.swift in Sources */ = {isa = PBXBuildFile; fileRef = BE9BC89027B9453600BCFF43 /* CoreDataStore.swift */; };
		BE9BC89327B9454200BCFF43 /* UserDefaultsStore.swift in Sources */ = {isa = PBXBuildFile; fileRef = BE9BC89227B9454200BCFF43 /* UserDefaultsStore.swift */; };
		BE9BC89527B9455700BCFF43 /* Repository.swift in Sources */ = {isa = PBXBuildFile; fileRef = BE9BC89427B9455700BCFF43 /* Repository.swift */; };
		BE9BC89727B9456700BCFF43 /* InMemoryStore.swift in Sources */ = {isa = PBXBuildFile; fileRef = BE9BC89627B9456700BCFF43 /* InMemoryStore.swift */; };
		BE9BC89927B9458100BCFF43 /* GetNextLevel.swift in Sources */ = {isa = PBXBuildFile; fileRef = BE9BC89827B9458100BCFF43 /* GetNextLevel.swift */; };
		BE9BC89C27B9498200BCFF43 /* GameListState.swift in Sources */ = {isa = PBXBuildFile; fileRef = BE9BC89B27B9498200BCFF43 /* GameListState.swift */; };
		BE9BC89E27B9498900BCFF43 /* GameListAction.swift in Sources */ = {isa = PBXBuildFile; fileRef = BE9BC89D27B9498900BCFF43 /* GameListAction.swift */; };
		BE9BC8A027B9499400BCFF43 /* GameListReducer.swift in Sources */ = {isa = PBXBuildFile; fileRef = BE9BC89F27B9499400BCFF43 /* GameListReducer.swift */; };
		BE9BC8A227B949A000BCFF43 /* GameListEnvironment.swift in Sources */ = {isa = PBXBuildFile; fileRef = BE9BC8A127B949A000BCFF43 /* GameListEnvironment.swift */; };
		BE9BC8A427B949AA00BCFF43 /* GameListFactory.swift in Sources */ = {isa = PBXBuildFile; fileRef = BE9BC8A327B949AA00BCFF43 /* GameListFactory.swift */; };
		BE9BC8A627B949B400BCFF43 /* GameFactory.swift in Sources */ = {isa = PBXBuildFile; fileRef = BE9BC8A527B949B400BCFF43 /* GameFactory.swift */; };
		BE9BC8AA27B9585800BCFF43 /* LevelFinished.swift in Sources */ = {isa = PBXBuildFile; fileRef = BE9BC8A927B9585800BCFF43 /* LevelFinished.swift */; };
		BE9BC8AC27B95DCE00BCFF43 /* StoreFinishedLevel.swift in Sources */ = {isa = PBXBuildFile; fileRef = BE9BC8AB27B95DCE00BCFF43 /* StoreFinishedLevel.swift */; };
		BE9BC8AE27B95DD800BCFF43 /* GetFinishedLevels.swift in Sources */ = {isa = PBXBuildFile; fileRef = BE9BC8AD27B95DD800BCFF43 /* GetFinishedLevels.swift */; };
		BE9BC8B027B977E300BCFF43 /* GameCompletedStatus.swift in Sources */ = {isa = PBXBuildFile; fileRef = BE9BC8AF27B977E300BCFF43 /* GameCompletedStatus.swift */; };
		FF5D948827B458E30031C814 /* HeaderView.swift in Sources */ = {isa = PBXBuildFile; fileRef = FF5D948727B458E30031C814 /* HeaderView.swift */; };
		FF5D948A27B45B5C0031C814 /* BoardView.swift in Sources */ = {isa = PBXBuildFile; fileRef = FF5D948927B45B5C0031C814 /* BoardView.swift */; };
		FF5D948C27B45B670031C814 /* KeyboardView.swift in Sources */ = {isa = PBXBuildFile; fileRef = FF5D948B27B45B670031C814 /* KeyboardView.swift */; };
		FF5D948F27B45E280031C814 /* CatalanKeyboard.swift in Sources */ = {isa = PBXBuildFile; fileRef = FF5D948E27B45E280031C814 /* CatalanKeyboard.swift */; };
		FF5D949127B462E50031C814 /* Letter.swift in Sources */ = {isa = PBXBuildFile; fileRef = FF5D949027B462E50031C814 /* Letter.swift */; };
		FF5D949427B466F70031C814 /* palamecia_titling.ttf in Resources */ = {isa = PBXBuildFile; fileRef = FF5D949327B466F70031C814 /* palamecia_titling.ttf */; };
		FF726BFA27B2F1C8003F735C /* WordleApp.swift in Sources */ = {isa = PBXBuildFile; fileRef = FF726BF927B2F1C8003F735C /* WordleApp.swift */; };
		FF726BFC27B2F1C8003F735C /* HomeView.swift in Sources */ = {isa = PBXBuildFile; fileRef = FF726BFB27B2F1C8003F735C /* HomeView.swift */; };
		FF726BFE27B2F1CA003F735C /* Assets.xcassets in Resources */ = {isa = PBXBuildFile; fileRef = FF726BFD27B2F1CA003F735C /* Assets.xcassets */; };
		FF726C0127B2F1CA003F735C /* Preview Assets.xcassets in Resources */ = {isa = PBXBuildFile; fileRef = FF726C0027B2F1CA003F735C /* Preview Assets.xcassets */; };
		FF726C0327B2F1CA003F735C /* PersistenceController.swift in Sources */ = {isa = PBXBuildFile; fileRef = FF726C0227B2F1CA003F735C /* PersistenceController.swift */; };
		FF726C0627B2F1CA003F735C /* wordle_ios.xcdatamodeld in Sources */ = {isa = PBXBuildFile; fileRef = FF726C0427B2F1CA003F735C /* wordle_ios.xcdatamodeld */; };
		FF726C1027B2F1CA003F735C /* wordle_iosTests.swift in Sources */ = {isa = PBXBuildFile; fileRef = FF726C0F27B2F1CA003F735C /* wordle_iosTests.swift */; };
		FF726C1A27B2F1CA003F735C /* wordle_iosUITests.swift in Sources */ = {isa = PBXBuildFile; fileRef = FF726C1927B2F1CA003F735C /* wordle_iosUITests.swift */; };
		FF726C1C27B2F1CA003F735C /* wordle_iosUITestsLaunchTests.swift in Sources */ = {isa = PBXBuildFile; fileRef = FF726C1B27B2F1CA003F735C /* wordle_iosUITestsLaunchTests.swift */; };
		FF726C2A27B2F575003F735C /* ComposableArchitecture in Frameworks */ = {isa = PBXBuildFile; productRef = FF726C2927B2F575003F735C /* ComposableArchitecture */; };
		FF726C2C27B2F9AF003F735C /* LaunchScreen.storyboard in Resources */ = {isa = PBXBuildFile; fileRef = FF726C2B27B2F9AF003F735C /* LaunchScreen.storyboard */; };
		FF726C2E27B319EC003F735C /* GameView.swift in Sources */ = {isa = PBXBuildFile; fileRef = FF726C2D27B319EC003F735C /* GameView.swift */; };
		FF91A84227B59BB5008352AC /* GameConfiguration.swift in Sources */ = {isa = PBXBuildFile; fileRef = FF91A84127B59BB5008352AC /* GameConfiguration.swift */; };
		FF91A84427B59C55008352AC /* Box.swift in Sources */ = {isa = PBXBuildFile; fileRef = FF91A84327B59C55008352AC /* Box.swift */; };
		FF91A84727B5A68B008352AC /* String+.swift in Sources */ = {isa = PBXBuildFile; fileRef = FF91A84627B5A68B008352AC /* String+.swift */; };
/* End PBXBuildFile section */

/* Begin PBXContainerItemProxy section */
		FF726C0C27B2F1CA003F735C /* PBXContainerItemProxy */ = {
			isa = PBXContainerItemProxy;
			containerPortal = FF726BEE27B2F1C8003F735C /* Project object */;
			proxyType = 1;
			remoteGlobalIDString = FF726BF527B2F1C8003F735C;
			remoteInfo = "wordle-ios";
		};
		FF726C1627B2F1CA003F735C /* PBXContainerItemProxy */ = {
			isa = PBXContainerItemProxy;
			containerPortal = FF726BEE27B2F1C8003F735C /* Project object */;
			proxyType = 1;
			remoteGlobalIDString = FF726BF527B2F1C8003F735C;
			remoteInfo = "wordle-ios";
		};
/* End PBXContainerItemProxy section */

/* Begin PBXFileReference section */
		BE9BC84B27B6AF7300BCFF43 /* WordsFiveLetterList.swift */ = {isa = PBXFileReference; fileEncoding = 4; lastKnownFileType = sourcecode.swift; path = WordsFiveLetterList.swift; sourceTree = "<group>"; };
		BE9BC84E27B6B63700BCFF43 /* GameState.swift */ = {isa = PBXFileReference; lastKnownFileType = sourcecode.swift; path = GameState.swift; sourceTree = "<group>"; };
		BE9BC85027B6B63D00BCFF43 /* GameAction.swift */ = {isa = PBXFileReference; lastKnownFileType = sourcecode.swift; path = GameAction.swift; sourceTree = "<group>"; };
		BE9BC85227B6B64E00BCFF43 /* GameEnvironment.swift */ = {isa = PBXFileReference; lastKnownFileType = sourcecode.swift; path = GameEnvironment.swift; sourceTree = "<group>"; };
		BE9BC85727B6B95C00BCFF43 /* HomeState.swift */ = {isa = PBXFileReference; lastKnownFileType = sourcecode.swift; path = HomeState.swift; sourceTree = "<group>"; };
		BE9BC85927B6B97100BCFF43 /* HomeEnvironment.swift */ = {isa = PBXFileReference; lastKnownFileType = sourcecode.swift; path = HomeEnvironment.swift; sourceTree = "<group>"; };
		BE9BC85B27B6B98300BCFF43 /* HomeReducer.swift */ = {isa = PBXFileReference; lastKnownFileType = sourcecode.swift; path = HomeReducer.swift; sourceTree = "<group>"; };
		BE9BC85D27B6B99300BCFF43 /* HomeAction.swift */ = {isa = PBXFileReference; lastKnownFileType = sourcecode.swift; path = HomeAction.swift; sourceTree = "<group>"; };
		BE9BC86027B6C7C500BCFF43 /* BoxPosition.swift */ = {isa = PBXFileReference; lastKnownFileType = sourcecode.swift; path = BoxPosition.swift; sourceTree = "<group>"; };
		BE9BC86227B6D02700BCFF43 /* GameReducer.swift */ = {isa = PBXFileReference; fileEncoding = 4; lastKnownFileType = sourcecode.swift; path = GameReducer.swift; sourceTree = "<group>"; };
		BE9BC86627B80CB800BCFF43 /* BackgroundView.swift */ = {isa = PBXFileReference; lastKnownFileType = sourcecode.swift; path = BackgroundView.swift; sourceTree = "<group>"; };
		BE9BC86827B812F100BCFF43 /* ToastView.swift */ = {isa = PBXFileReference; lastKnownFileType = sourcecode.swift; path = ToastView.swift; sourceTree = "<group>"; };
		BE9BC86B27B81C4D00BCFF43 /* ButtonView.swift */ = {isa = PBXFileReference; lastKnownFileType = sourcecode.swift; path = ButtonView.swift; sourceTree = "<group>"; };
		BE9BC86D27B81F7000BCFF43 /* ButtonNavigationView.swift */ = {isa = PBXFileReference; lastKnownFileType = sourcecode.swift; path = ButtonNavigationView.swift; sourceTree = "<group>"; };
		BE9BC87127B820ED00BCFF43 /* ButtonImage.swift */ = {isa = PBXFileReference; lastKnownFileType = sourcecode.swift; path = ButtonImage.swift; sourceTree = "<group>"; };
		BE9BC87327B820FE00BCFF43 /* ScaleButtonStyle.swift */ = {isa = PBXFileReference; lastKnownFileType = sourcecode.swift; path = ScaleButtonStyle.swift; sourceTree = "<group>"; };
		BE9BC87627B821FA00BCFF43 /* GameListView.swift */ = {isa = PBXFileReference; lastKnownFileType = sourcecode.swift; path = GameListView.swift; sourceTree = "<group>"; };
		BE9BC87927B8279F00BCFF43 /* KeyboardKeyView.swift */ = {isa = PBXFileReference; lastKnownFileType = sourcecode.swift; path = KeyboardKeyView.swift; sourceTree = "<group>"; };
		BE9BC87B27B82BCB00BCFF43 /* levels.json */ = {isa = PBXFileReference; lastKnownFileType = text.json; path = levels.json; sourceTree = "<group>"; };
		BE9BC87F27B82E3000BCFF43 /* Color+.swift */ = {isa = PBXFileReference; lastKnownFileType = sourcecode.swift; path = "Color+.swift"; sourceTree = "<group>"; };
		BE9BC88127B8316E00BCFF43 /* ModalView.swift */ = {isa = PBXFileReference; lastKnownFileType = sourcecode.swift; path = ModalView.swift; sourceTree = "<group>"; };
		BE9BC88327B842DD00BCFF43 /* LocalFileManager.swift */ = {isa = PBXFileReference; lastKnownFileType = sourcecode.swift; path = LocalFileManager.swift; sourceTree = "<group>"; };
		BE9BC88527B8433E00BCFF43 /* Level.swift */ = {isa = PBXFileReference; lastKnownFileType = sourcecode.swift; path = Level.swift; sourceTree = "<group>"; };
		BE9BC88927B9365D00BCFF43 /* HomeFactory.swift */ = {isa = PBXFileReference; lastKnownFileType = sourcecode.swift; path = HomeFactory.swift; sourceTree = "<group>"; };
		BE9BC88E27B944FC00BCFF43 /* GetLevels.swift */ = {isa = PBXFileReference; lastKnownFileType = sourcecode.swift; path = GetLevels.swift; sourceTree = "<group>"; };
		BE9BC89027B9453600BCFF43 /* CoreDataStore.swift */ = {isa = PBXFileReference; lastKnownFileType = sourcecode.swift; path = CoreDataStore.swift; sourceTree = "<group>"; };
		BE9BC89227B9454200BCFF43 /* UserDefaultsStore.swift */ = {isa = PBXFileReference; lastKnownFileType = sourcecode.swift; path = UserDefaultsStore.swift; sourceTree = "<group>"; };
		BE9BC89427B9455700BCFF43 /* Repository.swift */ = {isa = PBXFileReference; lastKnownFileType = sourcecode.swift; path = Repository.swift; sourceTree = "<group>"; };
		BE9BC89627B9456700BCFF43 /* InMemoryStore.swift */ = {isa = PBXFileReference; lastKnownFileType = sourcecode.swift; path = InMemoryStore.swift; sourceTree = "<group>"; };
		BE9BC89827B9458100BCFF43 /* GetNextLevel.swift */ = {isa = PBXFileReference; lastKnownFileType = sourcecode.swift; path = GetNextLevel.swift; sourceTree = "<group>"; };
		BE9BC89B27B9498200BCFF43 /* GameListState.swift */ = {isa = PBXFileReference; lastKnownFileType = sourcecode.swift; path = GameListState.swift; sourceTree = "<group>"; };
		BE9BC89D27B9498900BCFF43 /* GameListAction.swift */ = {isa = PBXFileReference; lastKnownFileType = sourcecode.swift; path = GameListAction.swift; sourceTree = "<group>"; };
		BE9BC89F27B9499400BCFF43 /* GameListReducer.swift */ = {isa = PBXFileReference; lastKnownFileType = sourcecode.swift; path = GameListReducer.swift; sourceTree = "<group>"; };
		BE9BC8A127B949A000BCFF43 /* GameListEnvironment.swift */ = {isa = PBXFileReference; lastKnownFileType = sourcecode.swift; path = GameListEnvironment.swift; sourceTree = "<group>"; };
		BE9BC8A327B949AA00BCFF43 /* GameListFactory.swift */ = {isa = PBXFileReference; lastKnownFileType = sourcecode.swift; path = GameListFactory.swift; sourceTree = "<group>"; };
		BE9BC8A527B949B400BCFF43 /* GameFactory.swift */ = {isa = PBXFileReference; lastKnownFileType = sourcecode.swift; path = GameFactory.swift; sourceTree = "<group>"; };
		BE9BC8A927B9585800BCFF43 /* LevelFinished.swift */ = {isa = PBXFileReference; lastKnownFileType = sourcecode.swift; path = LevelFinished.swift; sourceTree = "<group>"; };
		BE9BC8AB27B95DCE00BCFF43 /* StoreFinishedLevel.swift */ = {isa = PBXFileReference; lastKnownFileType = sourcecode.swift; path = StoreFinishedLevel.swift; sourceTree = "<group>"; };
		BE9BC8AD27B95DD800BCFF43 /* GetFinishedLevels.swift */ = {isa = PBXFileReference; lastKnownFileType = sourcecode.swift; path = GetFinishedLevels.swift; sourceTree = "<group>"; };
		BE9BC8AF27B977E300BCFF43 /* GameCompletedStatus.swift */ = {isa = PBXFileReference; lastKnownFileType = sourcecode.swift; path = GameCompletedStatus.swift; sourceTree = "<group>"; };
		FF5D948727B458E30031C814 /* HeaderView.swift */ = {isa = PBXFileReference; lastKnownFileType = sourcecode.swift; path = HeaderView.swift; sourceTree = "<group>"; };
		FF5D948927B45B5C0031C814 /* BoardView.swift */ = {isa = PBXFileReference; lastKnownFileType = sourcecode.swift; path = BoardView.swift; sourceTree = "<group>"; };
		FF5D948B27B45B670031C814 /* KeyboardView.swift */ = {isa = PBXFileReference; lastKnownFileType = sourcecode.swift; path = KeyboardView.swift; sourceTree = "<group>"; };
		FF5D948E27B45E280031C814 /* CatalanKeyboard.swift */ = {isa = PBXFileReference; lastKnownFileType = sourcecode.swift; path = CatalanKeyboard.swift; sourceTree = "<group>"; };
		FF5D949027B462E50031C814 /* Letter.swift */ = {isa = PBXFileReference; lastKnownFileType = sourcecode.swift; path = Letter.swift; sourceTree = "<group>"; };
		FF5D949327B466F70031C814 /* palamecia_titling.ttf */ = {isa = PBXFileReference; lastKnownFileType = file; path = palamecia_titling.ttf; sourceTree = "<group>"; };
		FF5D949527B468DB0031C814 /* Info.plist */ = {isa = PBXFileReference; lastKnownFileType = text.plist; path = Info.plist; sourceTree = "<group>"; };
		FF726BF627B2F1C8003F735C /* Wordle.app */ = {isa = PBXFileReference; explicitFileType = wrapper.application; includeInIndex = 0; path = Wordle.app; sourceTree = BUILT_PRODUCTS_DIR; };
		FF726BF927B2F1C8003F735C /* WordleApp.swift */ = {isa = PBXFileReference; lastKnownFileType = sourcecode.swift; path = WordleApp.swift; sourceTree = "<group>"; };
		FF726BFB27B2F1C8003F735C /* HomeView.swift */ = {isa = PBXFileReference; lastKnownFileType = sourcecode.swift; path = HomeView.swift; sourceTree = "<group>"; };
		FF726BFD27B2F1CA003F735C /* Assets.xcassets */ = {isa = PBXFileReference; lastKnownFileType = folder.assetcatalog; path = Assets.xcassets; sourceTree = "<group>"; };
		FF726C0027B2F1CA003F735C /* Preview Assets.xcassets */ = {isa = PBXFileReference; lastKnownFileType = folder.assetcatalog; path = "Preview Assets.xcassets"; sourceTree = "<group>"; };
		FF726C0227B2F1CA003F735C /* PersistenceController.swift */ = {isa = PBXFileReference; lastKnownFileType = sourcecode.swift; path = PersistenceController.swift; sourceTree = "<group>"; };
		FF726C0527B2F1CA003F735C /* wordle_ios.xcdatamodel */ = {isa = PBXFileReference; lastKnownFileType = wrapper.xcdatamodel; path = wordle_ios.xcdatamodel; sourceTree = "<group>"; };
		FF726C0B27B2F1CA003F735C /* wordle-iosTests.xctest */ = {isa = PBXFileReference; explicitFileType = wrapper.cfbundle; includeInIndex = 0; path = "wordle-iosTests.xctest"; sourceTree = BUILT_PRODUCTS_DIR; };
		FF726C0F27B2F1CA003F735C /* wordle_iosTests.swift */ = {isa = PBXFileReference; lastKnownFileType = sourcecode.swift; path = wordle_iosTests.swift; sourceTree = "<group>"; };
		FF726C1527B2F1CA003F735C /* wordle-iosUITests.xctest */ = {isa = PBXFileReference; explicitFileType = wrapper.cfbundle; includeInIndex = 0; path = "wordle-iosUITests.xctest"; sourceTree = BUILT_PRODUCTS_DIR; };
		FF726C1927B2F1CA003F735C /* wordle_iosUITests.swift */ = {isa = PBXFileReference; lastKnownFileType = sourcecode.swift; path = wordle_iosUITests.swift; sourceTree = "<group>"; };
		FF726C1B27B2F1CA003F735C /* wordle_iosUITestsLaunchTests.swift */ = {isa = PBXFileReference; lastKnownFileType = sourcecode.swift; path = wordle_iosUITestsLaunchTests.swift; sourceTree = "<group>"; };
		FF726C2B27B2F9AF003F735C /* LaunchScreen.storyboard */ = {isa = PBXFileReference; lastKnownFileType = file.storyboard; path = LaunchScreen.storyboard; sourceTree = "<group>"; };
		FF726C2D27B319EC003F735C /* GameView.swift */ = {isa = PBXFileReference; lastKnownFileType = sourcecode.swift; path = GameView.swift; sourceTree = "<group>"; };
		FF91A84127B59BB5008352AC /* GameConfiguration.swift */ = {isa = PBXFileReference; lastKnownFileType = sourcecode.swift; path = GameConfiguration.swift; sourceTree = "<group>"; };
		FF91A84327B59C55008352AC /* Box.swift */ = {isa = PBXFileReference; lastKnownFileType = sourcecode.swift; path = Box.swift; sourceTree = "<group>"; };
		FF91A84627B5A68B008352AC /* String+.swift */ = {isa = PBXFileReference; lastKnownFileType = sourcecode.swift; path = "String+.swift"; sourceTree = "<group>"; };
/* End PBXFileReference section */

/* Begin PBXFrameworksBuildPhase section */
		FF726BF327B2F1C8003F735C /* Frameworks */ = {
			isa = PBXFrameworksBuildPhase;
			buildActionMask = 2147483647;
			files = (
				FF726C2A27B2F575003F735C /* ComposableArchitecture in Frameworks */,
			);
			runOnlyForDeploymentPostprocessing = 0;
		};
		FF726C0827B2F1CA003F735C /* Frameworks */ = {
			isa = PBXFrameworksBuildPhase;
			buildActionMask = 2147483647;
			files = (
			);
			runOnlyForDeploymentPostprocessing = 0;
		};
		FF726C1227B2F1CA003F735C /* Frameworks */ = {
			isa = PBXFrameworksBuildPhase;
			buildActionMask = 2147483647;
			files = (
			);
			runOnlyForDeploymentPostprocessing = 0;
		};
/* End PBXFrameworksBuildPhase section */

/* Begin PBXGroup section */
		BE9BC84A27B6AF0D00BCFF43 /* Data */ = {
			isa = PBXGroup;
			children = (
				BE9BC88327B842DD00BCFF43 /* LocalFileManager.swift */,
				BE9BC84B27B6AF7300BCFF43 /* WordsFiveLetterList.swift */,
				BE9BC87B27B82BCB00BCFF43 /* levels.json */,
			);
			path = Data;
			sourceTree = "<group>";
		};
		BE9BC84D27B6B62000BCFF43 /* Game */ = {
			isa = PBXGroup;
			children = (
				FF726C2D27B319EC003F735C /* GameView.swift */,
				BE9BC84E27B6B63700BCFF43 /* GameState.swift */,
				BE9BC85027B6B63D00BCFF43 /* GameAction.swift */,
				BE9BC86227B6D02700BCFF43 /* GameReducer.swift */,
				BE9BC85227B6B64E00BCFF43 /* GameEnvironment.swift */,
				BE9BC8A527B949B400BCFF43 /* GameFactory.swift */,
			);
			path = Game;
			sourceTree = "<group>";
		};
		BE9BC85627B6B8DE00BCFF43 /* Home */ = {
			isa = PBXGroup;
			children = (
				FF726BFB27B2F1C8003F735C /* HomeView.swift */,
				BE9BC85727B6B95C00BCFF43 /* HomeState.swift */,
				BE9BC85927B6B97100BCFF43 /* HomeEnvironment.swift */,
				BE9BC85B27B6B98300BCFF43 /* HomeReducer.swift */,
				BE9BC85D27B6B99300BCFF43 /* HomeAction.swift */,
				BE9BC88927B9365D00BCFF43 /* HomeFactory.swift */,
			);
			path = Home;
			sourceTree = "<group>";
		};
		BE9BC86F27B81F7E00BCFF43 /* Buttons */ = {
			isa = PBXGroup;
			children = (
				BE9BC87027B820E400BCFF43 /* Helpers */,
				BE9BC86B27B81C4D00BCFF43 /* ButtonView.swift */,
				BE9BC86D27B81F7000BCFF43 /* ButtonNavigationView.swift */,
			);
			path = Buttons;
			sourceTree = "<group>";
		};
		BE9BC87027B820E400BCFF43 /* Helpers */ = {
			isa = PBXGroup;
			children = (
				BE9BC87127B820ED00BCFF43 /* ButtonImage.swift */,
				BE9BC87327B820FE00BCFF43 /* ScaleButtonStyle.swift */,
			);
			path = Helpers;
			sourceTree = "<group>";
		};
		BE9BC87527B821E900BCFF43 /* GameList */ = {
			isa = PBXGroup;
			children = (
				BE9BC87627B821FA00BCFF43 /* GameListView.swift */,
				BE9BC89B27B9498200BCFF43 /* GameListState.swift */,
				BE9BC89D27B9498900BCFF43 /* GameListAction.swift */,
				BE9BC89F27B9499400BCFF43 /* GameListReducer.swift */,
				BE9BC8A127B949A000BCFF43 /* GameListEnvironment.swift */,
				BE9BC8A327B949AA00BCFF43 /* GameListFactory.swift */,
			);
			path = GameList;
			sourceTree = "<group>";
		};
		BE9BC87827B8278F00BCFF43 /* Keyboard */ = {
			isa = PBXGroup;
			children = (
				FF5D948B27B45B670031C814 /* KeyboardView.swift */,
				BE9BC87927B8279F00BCFF43 /* KeyboardKeyView.swift */,
			);
			path = Keyboard;
			sourceTree = "<group>";
		};
		BE9BC87D27B82D5100BCFF43 /* Board */ = {
			isa = PBXGroup;
			children = (
				FF5D948927B45B5C0031C814 /* BoardView.swift */,
			);
			path = Board;
			sourceTree = "<group>";
		};
		BE9BC88B27B936D200BCFF43 /* Store */ = {
			isa = PBXGroup;
			children = (
				BE9BC8A727B957B500BCFF43 /* CoreData */,
				BE9BC89427B9455700BCFF43 /* Repository.swift */,
				BE9BC89027B9453600BCFF43 /* CoreDataStore.swift */,
				BE9BC89227B9454200BCFF43 /* UserDefaultsStore.swift */,
				BE9BC89627B9456700BCFF43 /* InMemoryStore.swift */,
			);
			path = Store;
			sourceTree = "<group>";
		};
		BE9BC88D27B944E400BCFF43 /* UseCases */ = {
			isa = PBXGroup;
			children = (
				BE9BC88E27B944FC00BCFF43 /* GetLevels.swift */,
				BE9BC89827B9458100BCFF43 /* GetNextLevel.swift */,
				BE9BC8AB27B95DCE00BCFF43 /* StoreFinishedLevel.swift */,
				BE9BC8AD27B95DD800BCFF43 /* GetFinishedLevels.swift */,
			);
			path = UseCases;
			sourceTree = "<group>";
		};
		BE9BC8A727B957B500BCFF43 /* CoreData */ = {
			isa = PBXGroup;
			children = (
				FF726C0227B2F1CA003F735C /* PersistenceController.swift */,
				FF726C0427B2F1CA003F735C /* wordle_ios.xcdatamodeld */,
			);
			path = CoreData;
			sourceTree = "<group>";
		};
		FF5D948527B457F10031C814 /* Subviews */ = {
			isa = PBXGroup;
			children = (
				BE9BC87D27B82D5100BCFF43 /* Board */,
				BE9BC86F27B81F7E00BCFF43 /* Buttons */,
				BE9BC87827B8278F00BCFF43 /* Keyboard */,
				FF5D948727B458E30031C814 /* HeaderView.swift */,
				BE9BC86627B80CB800BCFF43 /* BackgroundView.swift */,
				BE9BC86827B812F100BCFF43 /* ToastView.swift */,
				BE9BC88127B8316E00BCFF43 /* ModalView.swift */,
			);
			path = Subviews;
			sourceTree = "<group>";
		};
		FF5D948627B457FA0031C814 /* Views */ = {
			isa = PBXGroup;
			children = (
				BE9BC85627B6B8DE00BCFF43 /* Home */,
				BE9BC84D27B6B62000BCFF43 /* Game */,
				BE9BC87527B821E900BCFF43 /* GameList */,
			);
			path = Views;
			sourceTree = "<group>";
		};
		FF5D948D27B45E0A0031C814 /* Keyboards */ = {
			isa = PBXGroup;
			children = (
				FF5D948E27B45E280031C814 /* CatalanKeyboard.swift */,
				FF5D949027B462E50031C814 /* Letter.swift */,
			);
			path = Keyboards;
			sourceTree = "<group>";
		};
		FF5D949227B466E30031C814 /* Fonts */ = {
			isa = PBXGroup;
			children = (
				FF5D949327B466F70031C814 /* palamecia_titling.ttf */,
			);
			path = Fonts;
			sourceTree = "<group>";
		};
		FF726BED27B2F1C8003F735C = {
			isa = PBXGroup;
			children = (
				FF726BF827B2F1C8003F735C /* wordle-ios */,
				FF726C0E27B2F1CA003F735C /* wordle-iosTests */,
				FF726C1827B2F1CA003F735C /* wordle-iosUITests */,
				FF726BF727B2F1C8003F735C /* Products */,
			);
			sourceTree = "<group>";
		};
		FF726BF727B2F1C8003F735C /* Products */ = {
			isa = PBXGroup;
			children = (
				FF726BF627B2F1C8003F735C /* Wordle.app */,
				FF726C0B27B2F1CA003F735C /* wordle-iosTests.xctest */,
				FF726C1527B2F1CA003F735C /* wordle-iosUITests.xctest */,
			);
			name = Products;
			sourceTree = "<group>";
		};
		FF726BF827B2F1C8003F735C /* wordle-ios */ = {
			isa = PBXGroup;
			children = (
				FF5D949527B468DB0031C814 /* Info.plist */,
				FF726BF927B2F1C8003F735C /* WordleApp.swift */,
				FF5D948627B457FA0031C814 /* Views */,
				FF5D948527B457F10031C814 /* Subviews */,
				FF91A83C27B59AFA008352AC /* Models */,
				BE9BC88D27B944E400BCFF43 /* UseCases */,
				BE9BC88B27B936D200BCFF43 /* Store */,
				FF5D949227B466E30031C814 /* Fonts */,
				FF91A84527B5A680008352AC /* Extension */,
				BE9BC84A27B6AF0D00BCFF43 /* Data */,
				FF726C2B27B2F9AF003F735C /* LaunchScreen.storyboard */,
				FF726BFD27B2F1CA003F735C /* Assets.xcassets */,
				FF726BFF27B2F1CA003F735C /* Preview Content */,
			);
			path = "wordle-ios";
			sourceTree = "<group>";
		};
		FF726BFF27B2F1CA003F735C /* Preview Content */ = {
			isa = PBXGroup;
			children = (
				FF726C0027B2F1CA003F735C /* Preview Assets.xcassets */,
			);
			path = "Preview Content";
			sourceTree = "<group>";
		};
		FF726C0E27B2F1CA003F735C /* wordle-iosTests */ = {
			isa = PBXGroup;
			children = (
				FF726C0F27B2F1CA003F735C /* wordle_iosTests.swift */,
			);
			path = "wordle-iosTests";
			sourceTree = "<group>";
		};
		FF726C1827B2F1CA003F735C /* wordle-iosUITests */ = {
			isa = PBXGroup;
			children = (
				FF726C1927B2F1CA003F735C /* wordle_iosUITests.swift */,
				FF726C1B27B2F1CA003F735C /* wordle_iosUITestsLaunchTests.swift */,
			);
			path = "wordle-iosUITests";
			sourceTree = "<group>";
		};
		FF91A83C27B59AFA008352AC /* Models */ = {
			isa = PBXGroup;
			children = (
				FF5D948D27B45E0A0031C814 /* Keyboards */,
				FF91A84127B59BB5008352AC /* GameConfiguration.swift */,
				FF91A84327B59C55008352AC /* Box.swift */,
				BE9BC86027B6C7C500BCFF43 /* BoxPosition.swift */,
				BE9BC88527B8433E00BCFF43 /* Level.swift */,
				BE9BC8A927B9585800BCFF43 /* LevelFinished.swift */,
				BE9BC8AF27B977E300BCFF43 /* GameCompletedStatus.swift */,
			);
			path = Models;
			sourceTree = "<group>";
		};
		FF91A84527B5A680008352AC /* Extension */ = {
			isa = PBXGroup;
			children = (
				BE9BC87F27B82E3000BCFF43 /* Color+.swift */,
				FF91A84627B5A68B008352AC /* String+.swift */,
			);
			path = Extension;
			sourceTree = "<group>";
		};
/* End PBXGroup section */

/* Begin PBXNativeTarget section */
		FF726BF527B2F1C8003F735C /* wordle-ios */ = {
			isa = PBXNativeTarget;
			buildConfigurationList = FF726C1F27B2F1CA003F735C /* Build configuration list for PBXNativeTarget "wordle-ios" */;
			buildPhases = (
				FF726BF227B2F1C8003F735C /* Sources */,
				FF726BF327B2F1C8003F735C /* Frameworks */,
				FF726BF427B2F1C8003F735C /* Resources */,
			);
			buildRules = (
			);
			dependencies = (
			);
			name = "wordle-ios";
			packageProductDependencies = (
				FF726C2927B2F575003F735C /* ComposableArchitecture */,
			);
			productName = "wordle-ios";
			productReference = FF726BF627B2F1C8003F735C /* Wordle.app */;
			productType = "com.apple.product-type.application";
		};
		FF726C0A27B2F1CA003F735C /* wordle-iosTests */ = {
			isa = PBXNativeTarget;
			buildConfigurationList = FF726C2227B2F1CA003F735C /* Build configuration list for PBXNativeTarget "wordle-iosTests" */;
			buildPhases = (
				FF726C0727B2F1CA003F735C /* Sources */,
				FF726C0827B2F1CA003F735C /* Frameworks */,
				FF726C0927B2F1CA003F735C /* Resources */,
			);
			buildRules = (
			);
			dependencies = (
				FF726C0D27B2F1CA003F735C /* PBXTargetDependency */,
			);
			name = "wordle-iosTests";
			productName = "wordle-iosTests";
			productReference = FF726C0B27B2F1CA003F735C /* wordle-iosTests.xctest */;
			productType = "com.apple.product-type.bundle.unit-test";
		};
		FF726C1427B2F1CA003F735C /* wordle-iosUITests */ = {
			isa = PBXNativeTarget;
			buildConfigurationList = FF726C2527B2F1CA003F735C /* Build configuration list for PBXNativeTarget "wordle-iosUITests" */;
			buildPhases = (
				FF726C1127B2F1CA003F735C /* Sources */,
				FF726C1227B2F1CA003F735C /* Frameworks */,
				FF726C1327B2F1CA003F735C /* Resources */,
			);
			buildRules = (
			);
			dependencies = (
				FF726C1727B2F1CA003F735C /* PBXTargetDependency */,
			);
			name = "wordle-iosUITests";
			productName = "wordle-iosUITests";
			productReference = FF726C1527B2F1CA003F735C /* wordle-iosUITests.xctest */;
			productType = "com.apple.product-type.bundle.ui-testing";
		};
/* End PBXNativeTarget section */

/* Begin PBXProject section */
		FF726BEE27B2F1C8003F735C /* Project object */ = {
			isa = PBXProject;
			attributes = {
				BuildIndependentTargetsInParallel = 1;
				LastSwiftUpdateCheck = 1310;
				LastUpgradeCheck = 1310;
				TargetAttributes = {
					FF726BF527B2F1C8003F735C = {
						CreatedOnToolsVersion = 13.1;
					};
					FF726C0A27B2F1CA003F735C = {
						CreatedOnToolsVersion = 13.1;
						TestTargetID = FF726BF527B2F1C8003F735C;
					};
					FF726C1427B2F1CA003F735C = {
						CreatedOnToolsVersion = 13.1;
						TestTargetID = FF726BF527B2F1C8003F735C;
					};
				};
			};
			buildConfigurationList = FF726BF127B2F1C8003F735C /* Build configuration list for PBXProject "wordle-ios" */;
			compatibilityVersion = "Xcode 13.0";
			developmentRegion = en;
			hasScannedForEncodings = 0;
			knownRegions = (
				en,
				Base,
			);
			mainGroup = FF726BED27B2F1C8003F735C;
			packageReferences = (
				FF726C2827B2F575003F735C /* XCRemoteSwiftPackageReference "swift-composable-architecture" */,
			);
			productRefGroup = FF726BF727B2F1C8003F735C /* Products */;
			projectDirPath = "";
			projectRoot = "";
			targets = (
				FF726BF527B2F1C8003F735C /* wordle-ios */,
				FF726C0A27B2F1CA003F735C /* wordle-iosTests */,
				FF726C1427B2F1CA003F735C /* wordle-iosUITests */,
			);
		};
/* End PBXProject section */

/* Begin PBXResourcesBuildPhase section */
		FF726BF427B2F1C8003F735C /* Resources */ = {
			isa = PBXResourcesBuildPhase;
			buildActionMask = 2147483647;
			files = (
				FF726C2C27B2F9AF003F735C /* LaunchScreen.storyboard in Resources */,
				BE9BC87C27B82BCB00BCFF43 /* levels.json in Resources */,
				FF5D949427B466F70031C814 /* palamecia_titling.ttf in Resources */,
				FF726C0127B2F1CA003F735C /* Preview Assets.xcassets in Resources */,
				FF726BFE27B2F1CA003F735C /* Assets.xcassets in Resources */,
			);
			runOnlyForDeploymentPostprocessing = 0;
		};
		FF726C0927B2F1CA003F735C /* Resources */ = {
			isa = PBXResourcesBuildPhase;
			buildActionMask = 2147483647;
			files = (
			);
			runOnlyForDeploymentPostprocessing = 0;
		};
		FF726C1327B2F1CA003F735C /* Resources */ = {
			isa = PBXResourcesBuildPhase;
			buildActionMask = 2147483647;
			files = (
			);
			runOnlyForDeploymentPostprocessing = 0;
		};
/* End PBXResourcesBuildPhase section */

/* Begin PBXSourcesBuildPhase section */
		FF726BF227B2F1C8003F735C /* Sources */ = {
			isa = PBXSourcesBuildPhase;
			buildActionMask = 2147483647;
			files = (
				BE9BC88227B8316E00BCFF43 /* ModalView.swift in Sources */,
				FF5D948F27B45E280031C814 /* CatalanKeyboard.swift in Sources */,
				FF5D948A27B45B5C0031C814 /* BoardView.swift in Sources */,
				BE9BC89E27B9498900BCFF43 /* GameListAction.swift in Sources */,
				FF5D948C27B45B670031C814 /* KeyboardView.swift in Sources */,
				BE9BC8A227B949A000BCFF43 /* GameListEnvironment.swift in Sources */,
				BE9BC88027B82E3000BCFF43 /* Color+.swift in Sources */,
				BE9BC89727B9456700BCFF43 /* InMemoryStore.swift in Sources */,
				BE9BC86127B6C7C500BCFF43 /* BoxPosition.swift in Sources */,
				BE9BC87A27B8279F00BCFF43 /* KeyboardKeyView.swift in Sources */,
				FF726C0327B2F1CA003F735C /* PersistenceController.swift in Sources */,
				BE9BC88627B8433E00BCFF43 /* Level.swift in Sources */,
				BE9BC86327B6D02700BCFF43 /* GameReducer.swift in Sources */,
				BE9BC89127B9453600BCFF43 /* CoreDataStore.swift in Sources */,
				BE9BC87427B820FE00BCFF43 /* ScaleButtonStyle.swift in Sources */,
				BE9BC84C27B6AF7300BCFF43 /* WordsFiveLetterList.swift in Sources */,
				BE9BC84F27B6B63700BCFF43 /* GameState.swift in Sources */,
				FF91A84227B59BB5008352AC /* GameConfiguration.swift in Sources */,
				FF5D948827B458E30031C814 /* HeaderView.swift in Sources */,
				BE9BC85C27B6B98300BCFF43 /* HomeReducer.swift in Sources */,
				BE9BC86E27B81F7000BCFF43 /* ButtonNavigationView.swift in Sources */,
				BE9BC88A27B9365D00BCFF43 /* HomeFactory.swift in Sources */,
				BE9BC86727B80CB800BCFF43 /* BackgroundView.swift in Sources */,
				BE9BC85127B6B63D00BCFF43 /* GameAction.swift in Sources */,
				BE9BC8AE27B95DD800BCFF43 /* GetFinishedLevels.swift in Sources */,
				BE9BC8A027B9499400BCFF43 /* GameListReducer.swift in Sources */,
				FF91A84427B59C55008352AC /* Box.swift in Sources */,
				BE9BC8B027B977E300BCFF43 /* GameCompletedStatus.swift in Sources */,
				BE9BC8AC27B95DCE00BCFF43 /* StoreFinishedLevel.swift in Sources */,
				BE9BC88F27B944FC00BCFF43 /* GetLevels.swift in Sources */,
				BE9BC8AA27B9585800BCFF43 /* LevelFinished.swift in Sources */,
				BE9BC86927B812F100BCFF43 /* ToastView.swift in Sources */,
				BE9BC85827B6B95C00BCFF43 /* HomeState.swift in Sources */,
				BE9BC88427B842DD00BCFF43 /* LocalFileManager.swift in Sources */,
				BE9BC8A627B949B400BCFF43 /* GameFactory.swift in Sources */,
				BE9BC89327B9454200BCFF43 /* UserDefaultsStore.swift in Sources */,
				BE9BC89527B9455700BCFF43 /* Repository.swift in Sources */,
				FF726BFC27B2F1C8003F735C /* HomeView.swift in Sources */,
				BE9BC85A27B6B97100BCFF43 /* HomeEnvironment.swift in Sources */,
				BE9BC87727B821FA00BCFF43 /* GameListView.swift in Sources */,
				BE9BC87227B820ED00BCFF43 /* ButtonImage.swift in Sources */,
				FF726C0627B2F1CA003F735C /* wordle_ios.xcdatamodeld in Sources */,
				FF5D949127B462E50031C814 /* Letter.swift in Sources */,
				BE9BC85E27B6B99300BCFF43 /* HomeAction.swift in Sources */,
				BE9BC89927B9458100BCFF43 /* GetNextLevel.swift in Sources */,
				BE9BC89C27B9498200BCFF43 /* GameListState.swift in Sources */,
				FF726BFA27B2F1C8003F735C /* WordleApp.swift in Sources */,
				BE9BC86C27B81C4D00BCFF43 /* ButtonView.swift in Sources */,
				BE9BC8A427B949AA00BCFF43 /* GameListFactory.swift in Sources */,
				BE9BC85327B6B64E00BCFF43 /* GameEnvironment.swift in Sources */,
				FF91A84727B5A68B008352AC /* String+.swift in Sources */,
				FF726C2E27B319EC003F735C /* GameView.swift in Sources */,
			);
			runOnlyForDeploymentPostprocessing = 0;
		};
		FF726C0727B2F1CA003F735C /* Sources */ = {
			isa = PBXSourcesBuildPhase;
			buildActionMask = 2147483647;
			files = (
				FF726C1027B2F1CA003F735C /* wordle_iosTests.swift in Sources */,
			);
			runOnlyForDeploymentPostprocessing = 0;
		};
		FF726C1127B2F1CA003F735C /* Sources */ = {
			isa = PBXSourcesBuildPhase;
			buildActionMask = 2147483647;
			files = (
				FF726C1A27B2F1CA003F735C /* wordle_iosUITests.swift in Sources */,
				FF726C1C27B2F1CA003F735C /* wordle_iosUITestsLaunchTests.swift in Sources */,
			);
			runOnlyForDeploymentPostprocessing = 0;
		};
/* End PBXSourcesBuildPhase section */

/* Begin PBXTargetDependency section */
		FF726C0D27B2F1CA003F735C /* PBXTargetDependency */ = {
			isa = PBXTargetDependency;
			target = FF726BF527B2F1C8003F735C /* wordle-ios */;
			targetProxy = FF726C0C27B2F1CA003F735C /* PBXContainerItemProxy */;
		};
		FF726C1727B2F1CA003F735C /* PBXTargetDependency */ = {
			isa = PBXTargetDependency;
			target = FF726BF527B2F1C8003F735C /* wordle-ios */;
			targetProxy = FF726C1627B2F1CA003F735C /* PBXContainerItemProxy */;
		};
/* End PBXTargetDependency section */

/* Begin XCBuildConfiguration section */
		FF726C1D27B2F1CA003F735C /* Debug */ = {
			isa = XCBuildConfiguration;
			buildSettings = {
				ALWAYS_SEARCH_USER_PATHS = NO;
				CLANG_ANALYZER_NONNULL = YES;
				CLANG_ANALYZER_NUMBER_OBJECT_CONVERSION = YES_AGGRESSIVE;
				CLANG_CXX_LANGUAGE_STANDARD = "gnu++17";
				CLANG_CXX_LIBRARY = "libc++";
				CLANG_ENABLE_MODULES = YES;
				CLANG_ENABLE_OBJC_ARC = YES;
				CLANG_ENABLE_OBJC_WEAK = YES;
				CLANG_WARN_BLOCK_CAPTURE_AUTORELEASING = YES;
				CLANG_WARN_BOOL_CONVERSION = YES;
				CLANG_WARN_COMMA = YES;
				CLANG_WARN_CONSTANT_CONVERSION = YES;
				CLANG_WARN_DEPRECATED_OBJC_IMPLEMENTATIONS = YES;
				CLANG_WARN_DIRECT_OBJC_ISA_USAGE = YES_ERROR;
				CLANG_WARN_DOCUMENTATION_COMMENTS = YES;
				CLANG_WARN_EMPTY_BODY = YES;
				CLANG_WARN_ENUM_CONVERSION = YES;
				CLANG_WARN_INFINITE_RECURSION = YES;
				CLANG_WARN_INT_CONVERSION = YES;
				CLANG_WARN_NON_LITERAL_NULL_CONVERSION = YES;
				CLANG_WARN_OBJC_IMPLICIT_RETAIN_SELF = YES;
				CLANG_WARN_OBJC_LITERAL_CONVERSION = YES;
				CLANG_WARN_OBJC_ROOT_CLASS = YES_ERROR;
				CLANG_WARN_QUOTED_INCLUDE_IN_FRAMEWORK_HEADER = YES;
				CLANG_WARN_RANGE_LOOP_ANALYSIS = YES;
				CLANG_WARN_STRICT_PROTOTYPES = YES;
				CLANG_WARN_SUSPICIOUS_MOVE = YES;
				CLANG_WARN_UNGUARDED_AVAILABILITY = YES_AGGRESSIVE;
				CLANG_WARN_UNREACHABLE_CODE = YES;
				CLANG_WARN__DUPLICATE_METHOD_MATCH = YES;
				COPY_PHASE_STRIP = NO;
				DEBUG_INFORMATION_FORMAT = dwarf;
				ENABLE_STRICT_OBJC_MSGSEND = YES;
				ENABLE_TESTABILITY = YES;
				GCC_C_LANGUAGE_STANDARD = gnu11;
				GCC_DYNAMIC_NO_PIC = NO;
				GCC_NO_COMMON_BLOCKS = YES;
				GCC_OPTIMIZATION_LEVEL = 0;
				GCC_PREPROCESSOR_DEFINITIONS = (
					"DEBUG=1",
					"$(inherited)",
				);
				GCC_WARN_64_TO_32_BIT_CONVERSION = YES;
				GCC_WARN_ABOUT_RETURN_TYPE = YES_ERROR;
				GCC_WARN_UNDECLARED_SELECTOR = YES;
				GCC_WARN_UNINITIALIZED_AUTOS = YES_AGGRESSIVE;
				GCC_WARN_UNUSED_FUNCTION = YES;
				GCC_WARN_UNUSED_VARIABLE = YES;
				IPHONEOS_DEPLOYMENT_TARGET = 15.0;
				MTL_ENABLE_DEBUG_INFO = INCLUDE_SOURCE;
				MTL_FAST_MATH = YES;
				ONLY_ACTIVE_ARCH = YES;
				SDKROOT = iphoneos;
				SWIFT_ACTIVE_COMPILATION_CONDITIONS = DEBUG;
				SWIFT_OPTIMIZATION_LEVEL = "-Onone";
			};
			name = Debug;
		};
		FF726C1E27B2F1CA003F735C /* Release */ = {
			isa = XCBuildConfiguration;
			buildSettings = {
				ALWAYS_SEARCH_USER_PATHS = NO;
				CLANG_ANALYZER_NONNULL = YES;
				CLANG_ANALYZER_NUMBER_OBJECT_CONVERSION = YES_AGGRESSIVE;
				CLANG_CXX_LANGUAGE_STANDARD = "gnu++17";
				CLANG_CXX_LIBRARY = "libc++";
				CLANG_ENABLE_MODULES = YES;
				CLANG_ENABLE_OBJC_ARC = YES;
				CLANG_ENABLE_OBJC_WEAK = YES;
				CLANG_WARN_BLOCK_CAPTURE_AUTORELEASING = YES;
				CLANG_WARN_BOOL_CONVERSION = YES;
				CLANG_WARN_COMMA = YES;
				CLANG_WARN_CONSTANT_CONVERSION = YES;
				CLANG_WARN_DEPRECATED_OBJC_IMPLEMENTATIONS = YES;
				CLANG_WARN_DIRECT_OBJC_ISA_USAGE = YES_ERROR;
				CLANG_WARN_DOCUMENTATION_COMMENTS = YES;
				CLANG_WARN_EMPTY_BODY = YES;
				CLANG_WARN_ENUM_CONVERSION = YES;
				CLANG_WARN_INFINITE_RECURSION = YES;
				CLANG_WARN_INT_CONVERSION = YES;
				CLANG_WARN_NON_LITERAL_NULL_CONVERSION = YES;
				CLANG_WARN_OBJC_IMPLICIT_RETAIN_SELF = YES;
				CLANG_WARN_OBJC_LITERAL_CONVERSION = YES;
				CLANG_WARN_OBJC_ROOT_CLASS = YES_ERROR;
				CLANG_WARN_QUOTED_INCLUDE_IN_FRAMEWORK_HEADER = YES;
				CLANG_WARN_RANGE_LOOP_ANALYSIS = YES;
				CLANG_WARN_STRICT_PROTOTYPES = YES;
				CLANG_WARN_SUSPICIOUS_MOVE = YES;
				CLANG_WARN_UNGUARDED_AVAILABILITY = YES_AGGRESSIVE;
				CLANG_WARN_UNREACHABLE_CODE = YES;
				CLANG_WARN__DUPLICATE_METHOD_MATCH = YES;
				COPY_PHASE_STRIP = NO;
				DEBUG_INFORMATION_FORMAT = "dwarf-with-dsym";
				ENABLE_NS_ASSERTIONS = NO;
				ENABLE_STRICT_OBJC_MSGSEND = YES;
				GCC_C_LANGUAGE_STANDARD = gnu11;
				GCC_NO_COMMON_BLOCKS = YES;
				GCC_WARN_64_TO_32_BIT_CONVERSION = YES;
				GCC_WARN_ABOUT_RETURN_TYPE = YES_ERROR;
				GCC_WARN_UNDECLARED_SELECTOR = YES;
				GCC_WARN_UNINITIALIZED_AUTOS = YES_AGGRESSIVE;
				GCC_WARN_UNUSED_FUNCTION = YES;
				GCC_WARN_UNUSED_VARIABLE = YES;
				IPHONEOS_DEPLOYMENT_TARGET = 15.0;
				MTL_ENABLE_DEBUG_INFO = NO;
				MTL_FAST_MATH = YES;
				SDKROOT = iphoneos;
				SWIFT_COMPILATION_MODE = wholemodule;
				SWIFT_OPTIMIZATION_LEVEL = "-O";
				VALIDATE_PRODUCT = YES;
			};
			name = Release;
		};
		FF726C2027B2F1CA003F735C /* Debug */ = {
			isa = XCBuildConfiguration;
			buildSettings = {
				ASSETCATALOG_COMPILER_APPICON_NAME = AppIcon;
				ASSETCATALOG_COMPILER_GLOBAL_ACCENT_COLOR_NAME = AccentColor;
				CODE_SIGN_STYLE = Automatic;
				CURRENT_PROJECT_VERSION = 1;
				DEVELOPMENT_ASSET_PATHS = "\"wordle-ios/Preview Content\"";
				DEVELOPMENT_TEAM = 2DX87RQR8M;
				ENABLE_PREVIEWS = YES;
				GENERATE_INFOPLIST_FILE = YES;
				INFOPLIST_FILE = "wordle-ios/Info.plist";
				INFOPLIST_KEY_UIApplicationSceneManifest_Generation = YES;
				INFOPLIST_KEY_UIApplicationSupportsIndirectInputEvents = YES;
				INFOPLIST_KEY_UILaunchScreen_Generation = YES;
				INFOPLIST_KEY_UILaunchStoryboardName = LaunchScreen;
				INFOPLIST_KEY_UISupportedInterfaceOrientations = UIInterfaceOrientationPortrait;
				INFOPLIST_KEY_UISupportedInterfaceOrientations_iPad = "UIInterfaceOrientationPortrait UIInterfaceOrientationPortraitUpsideDown UIInterfaceOrientationLandscapeLeft UIInterfaceOrientationLandscapeRight";
				INFOPLIST_KEY_UISupportedInterfaceOrientations_iPhone = "UIInterfaceOrientationPortrait UIInterfaceOrientationLandscapeLeft UIInterfaceOrientationLandscapeRight";
				IPHONEOS_DEPLOYMENT_TARGET = 14.0;
				LD_RUNPATH_SEARCH_PATHS = (
					"$(inherited)",
					"@executable_path/Frameworks",
				);
				MARKETING_VERSION = 1.0;
				PRODUCT_BUNDLE_IDENTIFIER = "com.josepbordesjove.wordle-ios";
				PRODUCT_NAME = Wordle;
				SWIFT_EMIT_LOC_STRINGS = YES;
				SWIFT_VERSION = 5.0;
				TARGETED_DEVICE_FAMILY = 1;
			};
			name = Debug;
		};
		FF726C2127B2F1CA003F735C /* Release */ = {
			isa = XCBuildConfiguration;
			buildSettings = {
				ASSETCATALOG_COMPILER_APPICON_NAME = AppIcon;
				ASSETCATALOG_COMPILER_GLOBAL_ACCENT_COLOR_NAME = AccentColor;
				CODE_SIGN_STYLE = Automatic;
				CURRENT_PROJECT_VERSION = 1;
				DEVELOPMENT_ASSET_PATHS = "\"wordle-ios/Preview Content\"";
				DEVELOPMENT_TEAM = 2DX87RQR8M;
				ENABLE_PREVIEWS = YES;
				GENERATE_INFOPLIST_FILE = YES;
				INFOPLIST_FILE = "wordle-ios/Info.plist";
				INFOPLIST_KEY_UIApplicationSceneManifest_Generation = YES;
				INFOPLIST_KEY_UIApplicationSupportsIndirectInputEvents = YES;
				INFOPLIST_KEY_UILaunchScreen_Generation = YES;
				INFOPLIST_KEY_UILaunchStoryboardName = LaunchScreen;
				INFOPLIST_KEY_UISupportedInterfaceOrientations = UIInterfaceOrientationPortrait;
				INFOPLIST_KEY_UISupportedInterfaceOrientations_iPad = "UIInterfaceOrientationPortrait UIInterfaceOrientationPortraitUpsideDown UIInterfaceOrientationLandscapeLeft UIInterfaceOrientationLandscapeRight";
				INFOPLIST_KEY_UISupportedInterfaceOrientations_iPhone = "UIInterfaceOrientationPortrait UIInterfaceOrientationLandscapeLeft UIInterfaceOrientationLandscapeRight";
				IPHONEOS_DEPLOYMENT_TARGET = 14.0;
				LD_RUNPATH_SEARCH_PATHS = (
					"$(inherited)",
					"@executable_path/Frameworks",
				);
				MARKETING_VERSION = 1.0;
				PRODUCT_BUNDLE_IDENTIFIER = "com.josepbordesjove.wordle-ios";
				PRODUCT_NAME = Wordle;
				SWIFT_EMIT_LOC_STRINGS = YES;
				SWIFT_VERSION = 5.0;
				TARGETED_DEVICE_FAMILY = 1;
			};
			name = Release;
		};
		FF726C2327B2F1CA003F735C /* Debug */ = {
			isa = XCBuildConfiguration;
			buildSettings = {
				ALWAYS_EMBED_SWIFT_STANDARD_LIBRARIES = YES;
				BUNDLE_LOADER = "$(TEST_HOST)";
				CODE_SIGN_STYLE = Automatic;
				CURRENT_PROJECT_VERSION = 1;
				DEVELOPMENT_TEAM = 2DX87RQR8M;
				GENERATE_INFOPLIST_FILE = YES;
				IPHONEOS_DEPLOYMENT_TARGET = 15.0;
				LD_RUNPATH_SEARCH_PATHS = (
					"$(inherited)",
					"@executable_path/Frameworks",
					"@loader_path/Frameworks",
				);
				MARKETING_VERSION = 1.0;
				PRODUCT_BUNDLE_IDENTIFIER = "com.josepbordesjove.wordle-iosTests";
				PRODUCT_NAME = "$(TARGET_NAME)";
				SWIFT_EMIT_LOC_STRINGS = NO;
				SWIFT_VERSION = 5.0;
				TARGETED_DEVICE_FAMILY = "1,2";
				TEST_HOST = "$(BUILT_PRODUCTS_DIR)/wordle-ios.app/wordle-ios";
			};
			name = Debug;
		};
		FF726C2427B2F1CA003F735C /* Release */ = {
			isa = XCBuildConfiguration;
			buildSettings = {
				ALWAYS_EMBED_SWIFT_STANDARD_LIBRARIES = YES;
				BUNDLE_LOADER = "$(TEST_HOST)";
				CODE_SIGN_STYLE = Automatic;
				CURRENT_PROJECT_VERSION = 1;
				DEVELOPMENT_TEAM = 2DX87RQR8M;
				GENERATE_INFOPLIST_FILE = YES;
				IPHONEOS_DEPLOYMENT_TARGET = 15.0;
				LD_RUNPATH_SEARCH_PATHS = (
					"$(inherited)",
					"@executable_path/Frameworks",
					"@loader_path/Frameworks",
				);
				MARKETING_VERSION = 1.0;
				PRODUCT_BUNDLE_IDENTIFIER = "com.josepbordesjove.wordle-iosTests";
				PRODUCT_NAME = "$(TARGET_NAME)";
				SWIFT_EMIT_LOC_STRINGS = NO;
				SWIFT_VERSION = 5.0;
				TARGETED_DEVICE_FAMILY = "1,2";
				TEST_HOST = "$(BUILT_PRODUCTS_DIR)/wordle-ios.app/wordle-ios";
			};
			name = Release;
		};
		FF726C2627B2F1CA003F735C /* Debug */ = {
			isa = XCBuildConfiguration;
			buildSettings = {
				ALWAYS_EMBED_SWIFT_STANDARD_LIBRARIES = YES;
				CODE_SIGN_STYLE = Automatic;
				CURRENT_PROJECT_VERSION = 1;
				DEVELOPMENT_TEAM = 2DX87RQR8M;
				GENERATE_INFOPLIST_FILE = YES;
				LD_RUNPATH_SEARCH_PATHS = (
					"$(inherited)",
					"@executable_path/Frameworks",
					"@loader_path/Frameworks",
				);
				MARKETING_VERSION = 1.0;
				PRODUCT_BUNDLE_IDENTIFIER = "com.josepbordesjove.wordle-iosUITests";
				PRODUCT_NAME = "$(TARGET_NAME)";
				SWIFT_EMIT_LOC_STRINGS = NO;
				SWIFT_VERSION = 5.0;
				TARGETED_DEVICE_FAMILY = "1,2";
				TEST_TARGET_NAME = "wordle-ios";
			};
			name = Debug;
		};
		FF726C2727B2F1CA003F735C /* Release */ = {
			isa = XCBuildConfiguration;
			buildSettings = {
				ALWAYS_EMBED_SWIFT_STANDARD_LIBRARIES = YES;
				CODE_SIGN_STYLE = Automatic;
				CURRENT_PROJECT_VERSION = 1;
				DEVELOPMENT_TEAM = 2DX87RQR8M;
				GENERATE_INFOPLIST_FILE = YES;
				LD_RUNPATH_SEARCH_PATHS = (
					"$(inherited)",
					"@executable_path/Frameworks",
					"@loader_path/Frameworks",
				);
				MARKETING_VERSION = 1.0;
				PRODUCT_BUNDLE_IDENTIFIER = "com.josepbordesjove.wordle-iosUITests";
				PRODUCT_NAME = "$(TARGET_NAME)";
				SWIFT_EMIT_LOC_STRINGS = NO;
				SWIFT_VERSION = 5.0;
				TARGETED_DEVICE_FAMILY = "1,2";
				TEST_TARGET_NAME = "wordle-ios";
			};
			name = Release;
		};
/* End XCBuildConfiguration section */

/* Begin XCConfigurationList section */
		FF726BF127B2F1C8003F735C /* Build configuration list for PBXProject "wordle-ios" */ = {
			isa = XCConfigurationList;
			buildConfigurations = (
				FF726C1D27B2F1CA003F735C /* Debug */,
				FF726C1E27B2F1CA003F735C /* Release */,
			);
			defaultConfigurationIsVisible = 0;
			defaultConfigurationName = Release;
		};
		FF726C1F27B2F1CA003F735C /* Build configuration list for PBXNativeTarget "wordle-ios" */ = {
			isa = XCConfigurationList;
			buildConfigurations = (
				FF726C2027B2F1CA003F735C /* Debug */,
				FF726C2127B2F1CA003F735C /* Release */,
			);
			defaultConfigurationIsVisible = 0;
			defaultConfigurationName = Release;
		};
		FF726C2227B2F1CA003F735C /* Build configuration list for PBXNativeTarget "wordle-iosTests" */ = {
			isa = XCConfigurationList;
			buildConfigurations = (
				FF726C2327B2F1CA003F735C /* Debug */,
				FF726C2427B2F1CA003F735C /* Release */,
			);
			defaultConfigurationIsVisible = 0;
			defaultConfigurationName = Release;
		};
		FF726C2527B2F1CA003F735C /* Build configuration list for PBXNativeTarget "wordle-iosUITests" */ = {
			isa = XCConfigurationList;
			buildConfigurations = (
				FF726C2627B2F1CA003F735C /* Debug */,
				FF726C2727B2F1CA003F735C /* Release */,
			);
			defaultConfigurationIsVisible = 0;
			defaultConfigurationName = Release;
		};
/* End XCConfigurationList section */

/* Begin XCRemoteSwiftPackageReference section */
		FF726C2827B2F575003F735C /* XCRemoteSwiftPackageReference "swift-composable-architecture" */ = {
			isa = XCRemoteSwiftPackageReference;
			repositoryURL = "https://github.com/pointfreeco/swift-composable-architecture";
			requirement = {
				branch = main;
				kind = branch;
			};
		};
/* End XCRemoteSwiftPackageReference section */

/* Begin XCSwiftPackageProductDependency section */
		FF726C2927B2F575003F735C /* ComposableArchitecture */ = {
			isa = XCSwiftPackageProductDependency;
			package = FF726C2827B2F575003F735C /* XCRemoteSwiftPackageReference "swift-composable-architecture" */;
			productName = ComposableArchitecture;
		};
/* End XCSwiftPackageProductDependency section */

/* Begin XCVersionGroup section */
		FF726C0427B2F1CA003F735C /* wordle_ios.xcdatamodeld */ = {
			isa = XCVersionGroup;
			children = (
				FF726C0527B2F1CA003F735C /* wordle_ios.xcdatamodel */,
			);
			currentVersion = FF726C0527B2F1CA003F735C /* wordle_ios.xcdatamodel */;
			path = wordle_ios.xcdatamodeld;
			sourceTree = "<group>";
			versionGroupType = wrapper.xcdatamodel;
		};
/* End XCVersionGroup section */
	};
	rootObject = FF726BEE27B2F1C8003F735C /* Project object */;
}
